
Microsoft Visual Studio Solution File, Format Version 12.00
# Visual Studio Version 16
VisualStudioVersion = 16.0.30517.126
MinimumVisualStudioVersion = 10.0.40219.1
Project("{FAE04EC0-301F-11D3-BF4B-00C04F79EFBC}") = "Asignacion1", "Asignacion1\Asignacion1.csproj", "{D765086E-F83E-4BA6-BDE2-E5D814751EC2}"
EndProject
Global
	GlobalSection(SolutionConfigurationPlatforms) = preSolution
		Debug|Any CPU = Debug|Any CPU
		Release|Any CPU = Release|Any CPU
	EndGlobalSection
	GlobalSection(ProjectConfigurationPlatforms) = postSolution
		{D765086E-F83E-4BA6-BDE2-E5D814751EC2}.Debug|Any CPU.ActiveCfg = Debug|Any CPU
		{D765086E-F83E-4BA6-BDE2-E5D814751EC2}.Debug|Any CPU.Build.0 = Debug|Any CPU
		{D765086E-F83E-4BA6-BDE2-E5D814751EC2}.Release|Any CPU.ActiveCfg = Release|Any CPU
		{D765086E-F83E-4BA6-BDE2-E5D814751EC2}.Release|Any CPU.Build.0 = Release|Any CPU
	EndGlobalSection
	GlobalSection(SolutionProperties) = preSolution
		HideSolutionNode = FALSE
	EndGlobalSection
	GlobalSection(ExtensibilityGlobals) = postSolution
		SolutionGuid = {2FB964C2-78D7-4D7C-8287-F1D1666A5890}
	EndGlobalSection
EndGlobal
